
Microsoft Visual Studio Solution File, Format Version 12.00
# Visual Studio 2015
Project("{FAE04EC0-301F-11D3-BF4B-00C04F79EFBC}") = "ProcJam2015.CSharp", "ProcJam2015.CSharp.csproj", "{06BC0E9F-33C7-9ECE-83AC-3EE1CA902F05}"
EndProject
Global
	GlobalSection(SolutionConfigurationPlatforms) = preSolution
		Debug|Any CPU = Debug|Any CPU
		Release|Any CPU = Release|Any CPU
	EndGlobalSection
	GlobalSection(ProjectConfigurationPlatforms) = postSolution
		{06BC0E9F-33C7-9ECE-83AC-3EE1CA902F05}.Debug|Any CPU.ActiveCfg = Debug|Any CPU
		{06BC0E9F-33C7-9ECE-83AC-3EE1CA902F05}.Debug|Any CPU.Build.0 = Debug|Any CPU
		{06BC0E9F-33C7-9ECE-83AC-3EE1CA902F05}.Release|Any CPU.ActiveCfg = Release|Any CPU
		{06BC0E9F-33C7-9ECE-83AC-3EE1CA902F05}.Release|Any CPU.Build.0 = Release|Any CPU
	EndGlobalSection
	GlobalSection(SolutionProperties) = preSolution
		HideSolutionNode = FALSE
	EndGlobalSection
EndGlobal
